
Microsoft Visual Studio Solution File, Format Version 12.00
# Visual Studio 14
VisualStudioVersion = 14.0.25420.1
MinimumVisualStudioVersion = 10.0.40219.1
Project("{E24C65DC-7377-472B-9ABA-BC803B73C61A}") = "RevolutionaryLearningLibrary", "C:\Users\J\Source\Repos\RevolutionaryLearningLibrary\", "{3FC9275F-05FA-4DE0-B85A-3B2C38DADDAE}"
	ProjectSection(WebsiteProperties) = preProject
		TargetFrameworkMoniker = ".NETFramework,Version%3Dv4.5.2"
		Debug.AspNetCompiler.VirtualPath = "/localhost_18110"
		Debug.AspNetCompiler.PhysicalPath = "C:\Users\J\Source\Repos\RevolutionaryLearningLibrary\"
		Debug.AspNetCompiler.TargetPath = "PrecompiledWeb\localhost_18110\"
		Debug.AspNetCompiler.Updateable = "true"
		Debug.AspNetCompiler.ForceOverwrite = "true"
		Debug.AspNetCompiler.FixedNames = "false"
		Debug.AspNetCompiler.Debug = "True"
		Release.AspNetCompiler.VirtualPath = "/localhost_18110"
		Release.AspNetCompiler.PhysicalPath = "C:\Users\J\Source\Repos\RevolutionaryLearningLibrary\"
		Release.AspNetCompiler.TargetPath = "PrecompiledWeb\localhost_18110\"
		Release.AspNetCompiler.Updateable = "true"
		Release.AspNetCompiler.ForceOverwrite = "true"
		Release.AspNetCompiler.FixedNames = "false"
		Release.AspNetCompiler.Debug = "False"
		VWDPort = "18110"
		SlnRelativePath = "C:\Users\J\Source\Repos\RevolutionaryLearningLibrary\"
		DefaultWebSiteLanguage = "Visual C#"
	EndProjectSection
EndProject
Project("{FAE04EC0-301F-11D3-BF4B-00C04F79EFBC}") = "DataServices", "DataServices\DataServices.csproj", "{1667A09B-F9FE-4CA8-B0E4-161CF6E6C3CD}"
EndProject
Global
	GlobalSection(SolutionConfigurationPlatforms) = preSolution
		Debug|Any CPU = Debug|Any CPU
		Release|Any CPU = Release|Any CPU
	EndGlobalSection
	GlobalSection(ProjectConfigurationPlatforms) = postSolution
		{3FC9275F-05FA-4DE0-B85A-3B2C38DADDAE}.Debug|Any CPU.ActiveCfg = Debug|Any CPU
		{3FC9275F-05FA-4DE0-B85A-3B2C38DADDAE}.Debug|Any CPU.Build.0 = Debug|Any CPU
		{3FC9275F-05FA-4DE0-B85A-3B2C38DADDAE}.Release|Any CPU.ActiveCfg = Debug|Any CPU
		{3FC9275F-05FA-4DE0-B85A-3B2C38DADDAE}.Release|Any CPU.Build.0 = Debug|Any CPU
		{1667A09B-F9FE-4CA8-B0E4-161CF6E6C3CD}.Debug|Any CPU.ActiveCfg = Debug|Any CPU
		{1667A09B-F9FE-4CA8-B0E4-161CF6E6C3CD}.Debug|Any CPU.Build.0 = Debug|Any CPU
		{1667A09B-F9FE-4CA8-B0E4-161CF6E6C3CD}.Release|Any CPU.ActiveCfg = Release|Any CPU
		{1667A09B-F9FE-4CA8-B0E4-161CF6E6C3CD}.Release|Any CPU.Build.0 = Release|Any CPU
	EndGlobalSection
	GlobalSection(SolutionProperties) = preSolution
		HideSolutionNode = FALSE
	EndGlobalSection
EndGlobal
